{
  "object": {
    "pins": [
      {
        "package": "JOSESwift",
        "repositoryURL": "https://github.com/airsidemobile/JOSESwift",
        "state": {
          "branch": null,
          "revision": "10ed3b6736def7c26eb87135466b1cb46ea7e37f",
          "version": "2.4.0"
        }
      },
      {
        "package": "MegicalEasyAccess-SDK-iOS",
        "repositoryURL": "https://github.com/megicalcompany/MegicalEasyAccess-SDK-iOS",
        "state": {
          "branch": null,
          "revision": "fc639941ca1ae0b4c95ae295fac603a5b51f87aa",
          "version": "1.0.2"
        }
      },
      {
        "package": "SimpleKeychain",
        "repositoryURL": "https://github.com/auth0/SimpleKeychain",
        "state": {
          "branch": null,
          "revision": "b355c569efcd409e252ccbb500d9fc2713b4d64d",
          "version": "0.12.5"
        }
      },
      {
        "package": "SwiftyBeaver",
        "repositoryURL": "https://github.com/SwiftyBeaver/SwiftyBeaver.git",
        "state": {
          "branch": null,
          "revision": "2c039501d6eeb4d4cd4aec4a8d884ad28862e044",
          "version": "1.9.5"
        }
      }
    ]
  },
  "version": 1
}
